// !$*UTF8*$!
{
	archiveVersion = 1;
	classes = {
	};
	objectVersion = 50;
	objects = {

/* Begin PBXBuildFile section */
		CAD3A5F122983F5F00A71DD9 /* AppDelegate.m in Sources */ = {isa = PBXBuildFile; fileRef = CAD3A5F022983F5F00A71DD9 /* AppDelegate.m */; };
		CAD3A5F722983F5F00A71DD9 /* Main.storyboard in Resources */ = {isa = PBXBuildFile; fileRef = CAD3A5F522983F5F00A71DD9 /* Main.storyboard */; };
		CAD3A5F922983F6000A71DD9 /* Assets.xcassets in Resources */ = {isa = PBXBuildFile; fileRef = CAD3A5F822983F6000A71DD9 /* Assets.xcassets */; };
		CAD3A5FC22983F6000A71DD9 /* LaunchScreen.storyboard in Resources */ = {isa = PBXBuildFile; fileRef = CAD3A5FA22983F6000A71DD9 /* LaunchScreen.storyboard */; };
		CAD3A5FF22983F6000A71DD9 /* main.m in Sources */ = {isa = PBXBuildFile; fileRef = CAD3A5FE22983F6000A71DD9 /* main.m */; };
		CAD3A6082298411B00A71DD9 /* DHKMovie.m in Sources */ = {isa = PBXBuildFile; fileRef = CAD3A6072298411B00A71DD9 /* DHKMovie.m */; };
		CAD3A60C229843CD00A71DD9 /* DHKMovieController.m in Sources */ = {isa = PBXBuildFile; fileRef = CAD3A60B229843CD00A71DD9 /* DHKMovieController.m */; };
		CAD3A610229846DB00A71DD9 /* MovieSearchViewController.swift in Sources */ = {isa = PBXBuildFile; fileRef = CAD3A60F229846DB00A71DD9 /* MovieSearchViewController.swift */; };
		CAD3A6132298474F00A71DD9 /* MovieTableViewCell.swift in Sources */ = {isa = PBXBuildFile; fileRef = CAD3A6122298474F00A71DD9 /* MovieTableViewCell.swift */; };
/* End PBXBuildFile section */

/* Begin PBXFileReference section */
		CAD3A5EC22983F5F00A71DD9 /* MovieDatabase_ObjC.app */ = {isa = PBXFileReference; explicitFileType = wrapper.application; includeInIndex = 0; path = MovieDatabase_ObjC.app; sourceTree = BUILT_PRODUCTS_DIR; };
		CAD3A5EF22983F5F00A71DD9 /* AppDelegate.h */ = {isa = PBXFileReference; lastKnownFileType = sourcecode.c.h; path = AppDelegate.h; sourceTree = "<group>"; };
		CAD3A5F022983F5F00A71DD9 /* AppDelegate.m */ = {isa = PBXFileReference; lastKnownFileType = sourcecode.c.objc; path = AppDelegate.m; sourceTree = "<group>"; };
		CAD3A5F622983F5F00A71DD9 /* Base */ = {isa = PBXFileReference; lastKnownFileType = file.storyboard; name = Base; path = Base.lproj/Main.storyboard; sourceTree = "<group>"; };
		CAD3A5F822983F6000A71DD9 /* Assets.xcassets */ = {isa = PBXFileReference; lastKnownFileType = folder.assetcatalog; path = Assets.xcassets; sourceTree = "<group>"; };
		CAD3A5FB22983F6000A71DD9 /* Base */ = {isa = PBXFileReference; lastKnownFileType = file.storyboard; name = Base; path = Base.lproj/LaunchScreen.storyboard; sourceTree = "<group>"; };
		CAD3A5FD22983F6000A71DD9 /* Info.plist */ = {isa = PBXFileReference; lastKnownFileType = text.plist.xml; path = Info.plist; sourceTree = "<group>"; };
		CAD3A5FE22983F6000A71DD9 /* main.m */ = {isa = PBXFileReference; lastKnownFileType = sourcecode.c.objc; path = main.m; sourceTree = "<group>"; };
		CAD3A6062298411B00A71DD9 /* DHKMovie.h */ = {isa = PBXFileReference; lastKnownFileType = sourcecode.c.h; path = DHKMovie.h; sourceTree = "<group>"; };
		CAD3A6072298411B00A71DD9 /* DHKMovie.m */ = {isa = PBXFileReference; lastKnownFileType = sourcecode.c.objc; path = DHKMovie.m; sourceTree = "<group>"; };
		CAD3A60A229843CD00A71DD9 /* DHKMovieController.h */ = {isa = PBXFileReference; lastKnownFileType = sourcecode.c.h; path = DHKMovieController.h; sourceTree = "<group>"; };
		CAD3A60B229843CD00A71DD9 /* DHKMovieController.m */ = {isa = PBXFileReference; lastKnownFileType = sourcecode.c.objc; path = DHKMovieController.m; sourceTree = "<group>"; };
		CAD3A60E229846DA00A71DD9 /* MovieDatabase_ObjC-Bridging-Header.h */ = {isa = PBXFileReference; lastKnownFileType = sourcecode.c.h; path = "MovieDatabase_ObjC-Bridging-Header.h"; sourceTree = "<group>"; };
		CAD3A60F229846DB00A71DD9 /* MovieSearchViewController.swift */ = {isa = PBXFileReference; lastKnownFileType = sourcecode.swift; path = MovieSearchViewController.swift; sourceTree = "<group>"; };
		CAD3A6122298474F00A71DD9 /* MovieTableViewCell.swift */ = {isa = PBXFileReference; lastKnownFileType = sourcecode.swift; path = MovieTableViewCell.swift; sourceTree = "<group>"; };
/* End PBXFileReference section */

/* Begin PBXFrameworksBuildPhase section */
		CAD3A5E922983F5E00A71DD9 /* Frameworks */ = {
			isa = PBXFrameworksBuildPhase;
			buildActionMask = 2147483647;
			files = (
			);
			runOnlyForDeploymentPostprocessing = 0;
		};
/* End PBXFrameworksBuildPhase section */

/* Begin PBXGroup section */
		CAD3A5E322983F5E00A71DD9 = {
			isa = PBXGroup;
			children = (
				CAD3A5EE22983F5F00A71DD9 /* MovieDatabase_ObjC */,
				CAD3A5ED22983F5F00A71DD9 /* Products */,
			);
			sourceTree = "<group>";
		};
		CAD3A5ED22983F5F00A71DD9 /* Products */ = {
			isa = PBXGroup;
			children = (
				CAD3A5EC22983F5F00A71DD9 /* MovieDatabase_ObjC.app */,
			);
			name = Products;
			sourceTree = "<group>";
		};
		CAD3A5EE22983F5F00A71DD9 /* MovieDatabase_ObjC */ = {
			isa = PBXGroup;
			children = (
				CAD3A611229846E400A71DD9 /* Views */,
				CAD3A6092298411F00A71DD9 /* Models */,
				CAD3A6052298401500A71DD9 /* Resources */,
				CAD3A60D229843D300A71DD9 /* Model Controllers */,
				CAD3A60E229846DA00A71DD9 /* MovieDatabase_ObjC-Bridging-Header.h */,
			);
			path = MovieDatabase_ObjC;
			sourceTree = "<group>";
		};
		CAD3A6052298401500A71DD9 /* Resources */ = {
			isa = PBXGroup;
			children = (
				CAD3A5EF22983F5F00A71DD9 /* AppDelegate.h */,
				CAD3A5F022983F5F00A71DD9 /* AppDelegate.m */,
				CAD3A5F822983F6000A71DD9 /* Assets.xcassets */,
				CAD3A5FA22983F6000A71DD9 /* LaunchScreen.storyboard */,
				CAD3A5FD22983F6000A71DD9 /* Info.plist */,
				CAD3A5FE22983F6000A71DD9 /* main.m */,
			);
			path = Resources;
			sourceTree = "<group>";
		};
		CAD3A6092298411F00A71DD9 /* Models */ = {
			isa = PBXGroup;
			children = (
				CAD3A6062298411B00A71DD9 /* DHKMovie.h */,
				CAD3A6072298411B00A71DD9 /* DHKMovie.m */,
			);
			path = Models;
			sourceTree = "<group>";
		};
		CAD3A60D229843D300A71DD9 /* Model Controllers */ = {
			isa = PBXGroup;
			children = (
				CAD3A60A229843CD00A71DD9 /* DHKMovieController.h */,
				CAD3A60B229843CD00A71DD9 /* DHKMovieController.m */,
			);
			path = "Model Controllers";
			sourceTree = "<group>";
		};
		CAD3A611229846E400A71DD9 /* Views */ = {
			isa = PBXGroup;
			children = (
				CAD3A5F522983F5F00A71DD9 /* Main.storyboard */,
				CAD3A60F229846DB00A71DD9 /* MovieSearchViewController.swift */,
				CAD3A6122298474F00A71DD9 /* MovieTableViewCell.swift */,
			);
			path = Views;
			sourceTree = "<group>";
		};
/* End PBXGroup section */

/* Begin PBXNativeTarget section */
		CAD3A5EB22983F5E00A71DD9 /* MovieDatabase_ObjC */ = {
			isa = PBXNativeTarget;
			buildConfigurationList = CAD3A60222983F6000A71DD9 /* Build configuration list for PBXNativeTarget "MovieDatabase_ObjC" */;
			buildPhases = (
				CAD3A5E822983F5E00A71DD9 /* Sources */,
				CAD3A5E922983F5E00A71DD9 /* Frameworks */,
				CAD3A5EA22983F5E00A71DD9 /* Resources */,
			);
			buildRules = (
			);
			dependencies = (
			);
			name = MovieDatabase_ObjC;
			productName = MovieDatabase_ObjC;
			productReference = CAD3A5EC22983F5F00A71DD9 /* MovieDatabase_ObjC.app */;
			productType = "com.apple.product-type.application";
		};
/* End PBXNativeTarget section */

/* Begin PBXProject section */
		CAD3A5E422983F5E00A71DD9 /* Project object */ = {
			isa = PBXProject;
			attributes = {
				LastUpgradeCheck = 1020;
				ORGANIZATIONNAME = "Rabbit Hole Fashion";
				TargetAttributes = {
					CAD3A5EB22983F5E00A71DD9 = {
						CreatedOnToolsVersion = 10.2.1;
						LastSwiftMigration = 1020;
					};
				};
			};
			buildConfigurationList = CAD3A5E722983F5E00A71DD9 /* Build configuration list for PBXProject "MovieDatabase_ObjC" */;
			compatibilityVersion = "Xcode 9.3";
			developmentRegion = en;
			hasScannedForEncodings = 0;
			knownRegions = (
				en,
				Base,
			);
			mainGroup = CAD3A5E322983F5E00A71DD9;
			productRefGroup = CAD3A5ED22983F5F00A71DD9 /* Products */;
			projectDirPath = "";
			projectRoot = "";
			targets = (
				CAD3A5EB22983F5E00A71DD9 /* MovieDatabase_ObjC */,
			);
		};
/* End PBXProject section */

/* Begin PBXResourcesBuildPhase section */
		CAD3A5EA22983F5E00A71DD9 /* Resources */ = {
			isa = PBXResourcesBuildPhase;
			buildActionMask = 2147483647;
			files = (
				CAD3A5FC22983F6000A71DD9 /* LaunchScreen.storyboard in Resources */,
				CAD3A5F922983F6000A71DD9 /* Assets.xcassets in Resources */,
				CAD3A5F722983F5F00A71DD9 /* Main.storyboard in Resources */,
			);
			runOnlyForDeploymentPostprocessing = 0;
		};
/* End PBXResourcesBuildPhase section */

/* Begin PBXSourcesBuildPhase section */
		CAD3A5E822983F5E00A71DD9 /* Sources */ = {
			isa = PBXSourcesBuildPhase;
			buildActionMask = 2147483647;
			files = (
				CAD3A5FF22983F6000A71DD9 /* main.m in Sources */,
				CAD3A5F122983F5F00A71DD9 /* AppDelegate.m in Sources */,
				CAD3A6132298474F00A71DD9 /* MovieTableViewCell.swift in Sources */,
				CAD3A60C229843CD00A71DD9 /* DHKMovieController.m in Sources */,
				CAD3A610229846DB00A71DD9 /* MovieSearchViewController.swift in Sources */,
				CAD3A6082298411B00A71DD9 /* DHKMovie.m in Sources */,
			);
			runOnlyForDeploymentPostprocessing = 0;
		};
/* End PBXSourcesBuildPhase section */

/* Begin PBXVariantGroup section */
		CAD3A5F522983F5F00A71DD9 /* Main.storyboard */ = {
			isa = PBXVariantGroup;
			children = (
				CAD3A5F622983F5F00A71DD9 /* Base */,
			);
			name = Main.storyboard;
			sourceTree = "<group>";
		};
		CAD3A5FA22983F6000A71DD9 /* LaunchScreen.storyboard */ = {
			isa = PBXVariantGroup;
			children = (
				CAD3A5FB22983F6000A71DD9 /* Base */,
			);
			name = LaunchScreen.storyboard;
			sourceTree = "<group>";
		};
/* End PBXVariantGroup section */

/* Begin XCBuildConfiguration section */
		CAD3A60022983F6000A71DD9 /* Debug */ = {
			isa = XCBuildConfiguration;
			buildSettings = {
				ALWAYS_SEARCH_USER_PATHS = NO;
				CLANG_ANALYZER_NONNULL = YES;
				CLANG_ANALYZER_NUMBER_OBJECT_CONVERSION = YES_AGGRESSIVE;
				CLANG_CXX_LANGUAGE_STANDARD = "gnu++14";
				CLANG_CXX_LIBRARY = "libc++";
				CLANG_ENABLE_MODULES = YES;
				CLANG_ENABLE_OBJC_ARC = YES;
				CLANG_ENABLE_OBJC_WEAK = YES;
				CLANG_WARN_BLOCK_CAPTURE_AUTORELEASING = YES;
				CLANG_WARN_BOOL_CONVERSION = YES;
				CLANG_WARN_COMMA = YES;
				CLANG_WARN_CONSTANT_CONVERSION = YES;
				CLANG_WARN_DEPRECATED_OBJC_IMPLEMENTATIONS = YES;
				CLANG_WARN_DIRECT_OBJC_ISA_USAGE = YES_ERROR;
				CLANG_WARN_DOCUMENTATION_COMMENTS = YES;
				CLANG_WARN_EMPTY_BODY = YES;
				CLANG_WARN_ENUM_CONVERSION = YES;
				CLANG_WARN_INFINITE_RECURSION = YES;
				CLANG_WARN_INT_CONVERSION = YES;
				CLANG_WARN_NON_LITERAL_NULL_CONVERSION = YES;
				CLANG_WARN_OBJC_IMPLICIT_RETAIN_SELF = YES;
				CLANG_WARN_OBJC_LITERAL_CONVERSION = YES;
				CLANG_WARN_OBJC_ROOT_CLASS = YES_ERROR;
				CLANG_WARN_RANGE_LOOP_ANALYSIS = YES;
				CLANG_WARN_STRICT_PROTOTYPES = YES;
				CLANG_WARN_SUSPICIOUS_MOVE = YES;
				CLANG_WARN_UNGUARDED_AVAILABILITY = YES_AGGRESSIVE;
				CLANG_WARN_UNREACHABLE_CODE = YES;
				CLANG_WARN__DUPLICATE_METHOD_MATCH = YES;
				CODE_SIGN_IDENTITY = "iPhone Developer";
				COPY_PHASE_STRIP = NO;
				DEBUG_INFORMATION_FORMAT = dwarf;
				ENABLE_STRICT_OBJC_MSGSEND = YES;
				ENABLE_TESTABILITY = YES;
				GCC_C_LANGUAGE_STANDARD = gnu11;
				GCC_DYNAMIC_NO_PIC = NO;
				GCC_NO_COMMON_BLOCKS = YES;
				GCC_OPTIMIZATION_LEVEL = 0;
				GCC_PREPROCESSOR_DEFINITIONS = (
					"DEBUG=1",
					"$(inherited)",
				);
				GCC_WARN_64_TO_32_BIT_CONVERSION = YES;
				GCC_WARN_ABOUT_RETURN_TYPE = YES_ERROR;
				GCC_WARN_UNDECLARED_SELECTOR = YES;
				GCC_WARN_UNINITIALIZED_AUTOS = YES_AGGRESSIVE;
				GCC_WARN_UNUSED_FUNCTION = YES;
				GCC_WARN_UNUSED_VARIABLE = YES;
				IPHONEOS_DEPLOYMENT_TARGET = 12.2;
				MTL_ENABLE_DEBUG_INFO = INCLUDE_SOURCE;
				MTL_FAST_MATH = YES;
				ONLY_ACTIVE_ARCH = YES;
				SDKROOT = iphoneos;
			};
			name = Debug;
		};
		CAD3A60122983F6000A71DD9 /* Release */ = {
			isa = XCBuildConfiguration;
			buildSettings = {
				ALWAYS_SEARCH_USER_PATHS = NO;
				CLANG_ANALYZER_NONNULL = YES;
				CLANG_ANALYZER_NUMBER_OBJECT_CONVERSION = YES_AGGRESSIVE;
				CLANG_CXX_LANGUAGE_STANDARD = "gnu++14";
				CLANG_CXX_LIBRARY = "libc++";
				CLANG_ENABLE_MODULES = YES;
				CLANG_ENABLE_OBJC_ARC = YES;
				CLANG_ENABLE_OBJC_WEAK = YES;
				CLANG_WARN_BLOCK_CAPTURE_AUTORELEASING = YES;
				CLANG_WARN_BOOL_CONVERSION = YES;
				CLANG_WARN_COMMA = YES;
				CLANG_WARN_CONSTANT_CONVERSION = YES;
				CLANG_WARN_DEPRECATED_OBJC_IMPLEMENTATIONS = YES;
				CLANG_WARN_DIRECT_OBJC_ISA_USAGE = YES_ERROR;
				CLANG_WARN_DOCUMENTATION_COMMENTS = YES;
				CLANG_WARN_EMPTY_BODY = YES;
				CLANG_WARN_ENUM_CONVERSION = YES;
				CLANG_WARN_INFINITE_RECURSION = YES;
				CLANG_WARN_INT_CONVERSION = YES;
				CLANG_WARN_NON_LITERAL_NULL_CONVERSION = YES;
				CLANG_WARN_OBJC_IMPLICIT_RETAIN_SELF = YES;
				CLANG_WARN_OBJC_LITERAL_CONVERSION = YES;
				CLANG_WARN_OBJC_ROOT_CLASS = YES_ERROR;
				CLANG_WARN_RANGE_LOOP_ANALYSIS = YES;
				CLANG_WARN_STRICT_PROTOTYPES = YES;
				CLANG_WARN_SUSPICIOUS_MOVE = YES;
				CLANG_WARN_UNGUARDED_AVAILABILITY = YES_AGGRESSIVE;
				CLANG_WARN_UNREACHABLE_CODE = YES;
				CLANG_WARN__DUPLICATE_METHOD_MATCH = YES;
				CODE_SIGN_IDENTITY = "iPhone Developer";
				COPY_PHASE_STRIP = NO;
				DEBUG_INFORMATION_FORMAT = "dwarf-with-dsym";
				ENABLE_NS_ASSERTIONS = NO;
				ENABLE_STRICT_OBJC_MSGSEND = YES;
				GCC_C_LANGUAGE_STANDARD = gnu11;
				GCC_NO_COMMON_BLOCKS = YES;
				GCC_WARN_64_TO_32_BIT_CONVERSION = YES;
				GCC_WARN_ABOUT_RETURN_TYPE = YES_ERROR;
				GCC_WARN_UNDECLARED_SELECTOR = YES;
				GCC_WARN_UNINITIALIZED_AUTOS = YES_AGGRESSIVE;
				GCC_WARN_UNUSED_FUNCTION = YES;
				GCC_WARN_UNUSED_VARIABLE = YES;
				IPHONEOS_DEPLOYMENT_TARGET = 12.2;
				MTL_ENABLE_DEBUG_INFO = NO;
				MTL_FAST_MATH = YES;
				SDKROOT = iphoneos;
				VALIDATE_PRODUCT = YES;
			};
			name = Release;
		};
		CAD3A60322983F6000A71DD9 /* Debug */ = {
			isa = XCBuildConfiguration;
			buildSettings = {
				ASSETCATALOG_COMPILER_APPICON_NAME = AppIcon;
				CLANG_ENABLE_MODULES = YES;
				CODE_SIGN_STYLE = Automatic;
				INFOPLIST_FILE = "$(SRCROOT)/MovieDatabase_ObjC/Resources/Info.plist";
				LD_RUNPATH_SEARCH_PATHS = (
					"$(inherited)",
					"@executable_path/Frameworks",
				);
				PRODUCT_BUNDLE_IDENTIFIER = "com.rabbitholefashion.MovieDatabase-ObjC";
				PRODUCT_NAME = "$(TARGET_NAME)";
				SWIFT_OBJC_BRIDGING_HEADER = "MovieDatabase_ObjC/MovieDatabase_ObjC-Bridging-Header.h";
				SWIFT_OPTIMIZATION_LEVEL = "-Onone";
				SWIFT_VERSION = 5.0;
				TARGETED_DEVICE_FAMILY = "1,2";
			};
			name = Debug;
		};
		CAD3A60422983F6000A71DD9 /* Release */ = {
			isa = XCBuildConfiguration;
			buildSettings = {
				ASSETCATALOG_COMPILER_APPICON_NAME = AppIcon;
				CLANG_ENABLE_MODULES = YES;
				CODE_SIGN_STYLE = Automatic;
				INFOPLIST_FILE = "$(SRCROOT)/MovieDatabase_ObjC/Resources/Info.plist";
				LD_RUNPATH_SEARCH_PATHS = (
					"$(inherited)",
					"@executable_path/Frameworks",
				);
				PRODUCT_BUNDLE_IDENTIFIER = "com.rabbitholefashion.MovieDatabase-ObjC";
				PRODUCT_NAME = "$(TARGET_NAME)";
				SWIFT_OBJC_BRIDGING_HEADER = "MovieDatabase_ObjC/MovieDatabase_ObjC-Bridging-Header.h";
				SWIFT_VERSION = 5.0;
				TARGETED_DEVICE_FAMILY = "1,2";
			};
			name = Release;
		};
/* End XCBuildConfiguration section */

/* Begin XCConfigurationList section */
		CAD3A5E722983F5E00A71DD9 /* Build configuration list for PBXProject "MovieDatabase_ObjC" */ = {
			isa = XCConfigurationList;
			buildConfigurations = (
				CAD3A60022983F6000A71DD9 /* Debug */,
				CAD3A60122983F6000A71DD9 /* Release */,
			);
			defaultConfigurationIsVisible = 0;
			defaultConfigurationName = Release;
		};
		CAD3A60222983F6000A71DD9 /* Build configuration list for PBXNativeTarget "MovieDatabase_ObjC" */ = {
			isa = XCConfigurationList;
			buildConfigurations = (
				CAD3A60322983F6000A71DD9 /* Debug */,
				CAD3A60422983F6000A71DD9 /* Release */,
			);
			defaultConfigurationIsVisible = 0;
			defaultConfigurationName = Release;
		};
/* End XCConfigurationList section */
	};
	rootObject = CAD3A5E422983F5E00A71DD9 /* Project object */;
}
